// !$*UTF8*$!
{
	archiveVersion = 1;
	classes = {
	};
	objectVersion = 46;
	objects = {

/* Begin PBXBuildFile section */
		8700C75718D390020015B0DE /* Foundation.framework in Frameworks */ = {isa = PBXBuildFile; fileRef = 8700C75618D390020015B0DE /* Foundation.framework */; };
		8700C75918D390020015B0DE /* CoreGraphics.framework in Frameworks */ = {isa = PBXBuildFile; fileRef = 8700C75818D390020015B0DE /* CoreGraphics.framework */; };
		8700C75B18D390020015B0DE /* UIKit.framework in Frameworks */ = {isa = PBXBuildFile; fileRef = 8700C75A18D390020015B0DE /* UIKit.framework */; };
		8700C76118D390020015B0DE /* InfoPlist.strings in Resources */ = {isa = PBXBuildFile; fileRef = 8700C75F18D390020015B0DE /* InfoPlist.strings */; };
		8700C76318D390020015B0DE /* main.m in Sources */ = {isa = PBXBuildFile; fileRef = 8700C76218D390020015B0DE /* main.m */; };
		8700C76718D390020015B0DE /* LCLAppDelegate.m in Sources */ = {isa = PBXBuildFile; fileRef = 8700C76618D390020015B0DE /* LCLAppDelegate.m */; };
		8700C76918D390020015B0DE /* Images.xcassets in Resources */ = {isa = PBXBuildFile; fileRef = 8700C76818D390020015B0DE /* Images.xcassets */; };
		8700C77018D390020015B0DE /* XCTest.framework in Frameworks */ = {isa = PBXBuildFile; fileRef = 8700C76F18D390020015B0DE /* XCTest.framework */; };
		8700C77118D390020015B0DE /* Foundation.framework in Frameworks */ = {isa = PBXBuildFile; fileRef = 8700C75618D390020015B0DE /* Foundation.framework */; };
		8700C77218D390020015B0DE /* UIKit.framework in Frameworks */ = {isa = PBXBuildFile; fileRef = 8700C75A18D390020015B0DE /* UIKit.framework */; };
		8700C77A18D390020015B0DE /* InfoPlist.strings in Resources */ = {isa = PBXBuildFile; fileRef = 8700C77818D390020015B0DE /* InfoPlist.strings */; };
		8700C77C18D390020015B0DE /* MagicBoordTests.m in Sources */ = {isa = PBXBuildFile; fileRef = 8700C77B18D390020015B0DE /* MagicBoordTests.m */; };
		8700C78A18D3A0DE0015B0DE /* LCLTip.m in Sources */ = {isa = PBXBuildFile; fileRef = 8700C78918D3A0DE0015B0DE /* LCLTip.m */; };
		8700C78C18D3EE940015B0DE /* iphone.storyboard in Resources */ = {isa = PBXBuildFile; fileRef = 8700C78B18D3EE940015B0DE /* iphone.storyboard */; };
		8700C79018D3F1D60015B0DE /* redbutton.png in Resources */ = {isa = PBXBuildFile; fileRef = 8700C78F18D3F1D60015B0DE /* redbutton.png */; };
		8700C79B18D4C4E80015B0DE /* LCLUser.m in Sources */ = {isa = PBXBuildFile; fileRef = 8700C79A18D4C4E80015B0DE /* LCLUser.m */; };
		872F258F18D553BA005B36EC /* LCLTipViewController.m in Sources */ = {isa = PBXBuildFile; fileRef = 872F258E18D553BA005B36EC /* LCLTipViewController.m */; };
		876B51AF18D654DE0063C5E4 /* LCLMainViewController.m in Sources */ = {isa = PBXBuildFile; fileRef = 876B51AE18D654DE0063C5E4 /* LCLMainViewController.m */; };
		876B51B518D658A80063C5E4 /* LCLTipHistoryViewController.m in Sources */ = {isa = PBXBuildFile; fileRef = 876B51B418D658A80063C5E4 /* LCLTipHistoryViewController.m */; };
		876B521818DA8C5F0063C5E4 /* LCLRating.m in Sources */ = {isa = PBXBuildFile; fileRef = 876B521718DA8C5F0063C5E4 /* LCLRating.m */; };
		8788698718E88B8E00BC5C9E /* CheckerBoard.png in Resources */ = {isa = PBXBuildFile; fileRef = 8788698618E88B8E00BC5C9E /* CheckerBoard.png */; };
		87AF7AF918DB7DA6001C6FCC /* MBProgressHUD+Helpers.m in Sources */ = {isa = PBXBuildFile; fileRef = 87AF7AF818DB7DA6001C6FCC /* MBProgressHUD+Helpers.m */; };
		87AF7AFC18DB8484001C6FCC /* LCLTipsDataStore.m in Sources */ = {isa = PBXBuildFile; fileRef = 87AF7AFB18DB8484001C6FCC /* LCLTipsDataStore.m */; };
		87AF7B1018E23C1A001C6FCC /* LCLTipTableViewCell.m in Sources */ = {isa = PBXBuildFile; fileRef = 87AF7B0F18E23C1A001C6FCC /* LCLTipTableViewCell.m */; };
		B87F568143F046749F92D76E /* libPods.a in Frameworks */ = {isa = PBXBuildFile; fileRef = A7846964CD4E41E789ADA9C6 /* libPods.a */; };
/* End PBXBuildFile section */

/* Begin PBXContainerItemProxy section */
		8700C77318D390020015B0DE /* PBXContainerItemProxy */ = {
			isa = PBXContainerItemProxy;
			containerPortal = 8700C74B18D390020015B0DE /* Project object */;
			proxyType = 1;
			remoteGlobalIDString = 8700C75218D390020015B0DE;
			remoteInfo = MagicBoord;
		};
/* End PBXContainerItemProxy section */

/* Begin PBXFileReference section */
		4235C290072749D69C5795B1 /* Pods.xcconfig */ = {isa = PBXFileReference; includeInIndex = 1; lastKnownFileType = text.xcconfig; name = Pods.xcconfig; path = Pods/Pods.xcconfig; sourceTree = "<group>"; };
		8700C75318D390020015B0DE /* MagicBoord.app */ = {isa = PBXFileReference; explicitFileType = wrapper.application; includeInIndex = 0; path = MagicBoord.app; sourceTree = BUILT_PRODUCTS_DIR; };
		8700C75618D390020015B0DE /* Foundation.framework */ = {isa = PBXFileReference; lastKnownFileType = wrapper.framework; name = Foundation.framework; path = System/Library/Frameworks/Foundation.framework; sourceTree = SDKROOT; };
		8700C75818D390020015B0DE /* CoreGraphics.framework */ = {isa = PBXFileReference; lastKnownFileType = wrapper.framework; name = CoreGraphics.framework; path = System/Library/Frameworks/CoreGraphics.framework; sourceTree = SDKROOT; };
		8700C75A18D390020015B0DE /* UIKit.framework */ = {isa = PBXFileReference; lastKnownFileType = wrapper.framework; name = UIKit.framework; path = System/Library/Frameworks/UIKit.framework; sourceTree = SDKROOT; };
		8700C75E18D390020015B0DE /* MagicBoord-Info.plist */ = {isa = PBXFileReference; lastKnownFileType = text.plist.xml; path = "MagicBoord-Info.plist"; sourceTree = "<group>"; };
		8700C76018D390020015B0DE /* en */ = {isa = PBXFileReference; lastKnownFileType = text.plist.strings; name = en; path = en.lproj/InfoPlist.strings; sourceTree = "<group>"; };
		8700C76218D390020015B0DE /* main.m */ = {isa = PBXFileReference; lastKnownFileType = sourcecode.c.objc; path = main.m; sourceTree = "<group>"; };
		8700C76418D390020015B0DE /* MagicBoord-Prefix.pch */ = {isa = PBXFileReference; lastKnownFileType = sourcecode.c.h; path = "MagicBoord-Prefix.pch"; sourceTree = "<group>"; };
		8700C76518D390020015B0DE /* LCLAppDelegate.h */ = {isa = PBXFileReference; lastKnownFileType = sourcecode.c.h; path = LCLAppDelegate.h; sourceTree = "<group>"; };
		8700C76618D390020015B0DE /* LCLAppDelegate.m */ = {isa = PBXFileReference; lastKnownFileType = sourcecode.c.objc; path = LCLAppDelegate.m; sourceTree = "<group>"; };
		8700C76818D390020015B0DE /* Images.xcassets */ = {isa = PBXFileReference; lastKnownFileType = folder.assetcatalog; path = Images.xcassets; sourceTree = "<group>"; };
		8700C76E18D390020015B0DE /* MagicBoordTests.xctest */ = {isa = PBXFileReference; explicitFileType = wrapper.cfbundle; includeInIndex = 0; path = MagicBoordTests.xctest; sourceTree = BUILT_PRODUCTS_DIR; };
		8700C76F18D390020015B0DE /* XCTest.framework */ = {isa = PBXFileReference; lastKnownFileType = wrapper.framework; name = XCTest.framework; path = Library/Frameworks/XCTest.framework; sourceTree = DEVELOPER_DIR; };
		8700C77718D390020015B0DE /* MagicBoordTests-Info.plist */ = {isa = PBXFileReference; lastKnownFileType = text.plist.xml; path = "MagicBoordTests-Info.plist"; sourceTree = "<group>"; };
		8700C77918D390020015B0DE /* en */ = {isa = PBXFileReference; lastKnownFileType = text.plist.strings; name = en; path = en.lproj/InfoPlist.strings; sourceTree = "<group>"; };
		8700C77B18D390020015B0DE /* MagicBoordTests.m */ = {isa = PBXFileReference; lastKnownFileType = sourcecode.c.objc; path = MagicBoordTests.m; sourceTree = "<group>"; };
		8700C78818D3A0DE0015B0DE /* LCLTip.h */ = {isa = PBXFileReference; fileEncoding = 4; lastKnownFileType = sourcecode.c.h; path = LCLTip.h; sourceTree = "<group>"; };
		8700C78918D3A0DE0015B0DE /* LCLTip.m */ = {isa = PBXFileReference; fileEncoding = 4; lastKnownFileType = sourcecode.c.objc; path = LCLTip.m; sourceTree = "<group>"; };
		8700C78B18D3EE940015B0DE /* iphone.storyboard */ = {isa = PBXFileReference; fileEncoding = 4; lastKnownFileType = file.storyboard; path = iphone.storyboard; sourceTree = "<group>"; };
		8700C78F18D3F1D60015B0DE /* redbutton.png */ = {isa = PBXFileReference; lastKnownFileType = image.png; path = redbutton.png; sourceTree = "<group>"; };
		8700C79918D4C4E80015B0DE /* LCLUser.h */ = {isa = PBXFileReference; fileEncoding = 4; lastKnownFileType = sourcecode.c.h; path = LCLUser.h; sourceTree = "<group>"; };
		8700C79A18D4C4E80015B0DE /* LCLUser.m */ = {isa = PBXFileReference; fileEncoding = 4; lastKnownFileType = sourcecode.c.objc; path = LCLUser.m; sourceTree = "<group>"; };
		872F258D18D553BA005B36EC /* LCLTipViewController.h */ = {isa = PBXFileReference; fileEncoding = 4; lastKnownFileType = sourcecode.c.h; path = LCLTipViewController.h; sourceTree = "<group>"; };
		872F258E18D553BA005B36EC /* LCLTipViewController.m */ = {isa = PBXFileReference; fileEncoding = 4; lastKnownFileType = sourcecode.c.objc; path = LCLTipViewController.m; sourceTree = "<group>"; };
		876B51AD18D654DE0063C5E4 /* LCLMainViewController.h */ = {isa = PBXFileReference; fileEncoding = 4; lastKnownFileType = sourcecode.c.h; path = LCLMainViewController.h; sourceTree = "<group>"; };
		876B51AE18D654DE0063C5E4 /* LCLMainViewController.m */ = {isa = PBXFileReference; fileEncoding = 4; lastKnownFileType = sourcecode.c.objc; path = LCLMainViewController.m; sourceTree = "<group>"; };
		876B51B318D658A80063C5E4 /* LCLTipHistoryViewController.h */ = {isa = PBXFileReference; fileEncoding = 4; lastKnownFileType = sourcecode.c.h; path = LCLTipHistoryViewController.h; sourceTree = "<group>"; };
		876B51B418D658A80063C5E4 /* LCLTipHistoryViewController.m */ = {isa = PBXFileReference; fileEncoding = 4; lastKnownFileType = sourcecode.c.objc; path = LCLTipHistoryViewController.m; sourceTree = "<group>"; };
		876B521618DA8C5F0063C5E4 /* LCLRating.h */ = {isa = PBXFileReference; fileEncoding = 4; lastKnownFileType = sourcecode.c.h; path = LCLRating.h; sourceTree = "<group>"; };
		876B521718DA8C5F0063C5E4 /* LCLRating.m */ = {isa = PBXFileReference; fileEncoding = 4; lastKnownFileType = sourcecode.c.objc; path = LCLRating.m; sourceTree = "<group>"; };
		8788698618E88B8E00BC5C9E /* CheckerBoard.png */ = {isa = PBXFileReference; lastKnownFileType = image.png; path = CheckerBoard.png; sourceTree = "<group>"; };
		87AF7AF718DB7DA6001C6FCC /* MBProgressHUD+Helpers.h */ = {isa = PBXFileReference; fileEncoding = 4; lastKnownFileType = sourcecode.c.h; path = "MBProgressHUD+Helpers.h"; sourceTree = "<group>"; };
		87AF7AF818DB7DA6001C6FCC /* MBProgressHUD+Helpers.m */ = {isa = PBXFileReference; fileEncoding = 4; lastKnownFileType = sourcecode.c.objc; path = "MBProgressHUD+Helpers.m"; sourceTree = "<group>"; };
		87AF7AFA18DB8484001C6FCC /* LCLTipsDataStore.h */ = {isa = PBXFileReference; fileEncoding = 4; lastKnownFileType = sourcecode.c.h; path = LCLTipsDataStore.h; sourceTree = "<group>"; };
		87AF7AFB18DB8484001C6FCC /* LCLTipsDataStore.m */ = {isa = PBXFileReference; fileEncoding = 4; lastKnownFileType = sourcecode.c.objc; path = LCLTipsDataStore.m; sourceTree = "<group>"; };
		87AF7B0E18E23C1A001C6FCC /* LCLTipTableViewCell.h */ = {isa = PBXFileReference; fileEncoding = 4; lastKnownFileType = sourcecode.c.h; path = LCLTipTableViewCell.h; sourceTree = "<group>"; };
		87AF7B0F18E23C1A001C6FCC /* LCLTipTableViewCell.m */ = {isa = PBXFileReference; fileEncoding = 4; lastKnownFileType = sourcecode.c.objc; path = LCLTipTableViewCell.m; sourceTree = "<group>"; };
		A7846964CD4E41E789ADA9C6 /* libPods.a */ = {isa = PBXFileReference; explicitFileType = archive.ar; includeInIndex = 0; path = libPods.a; sourceTree = BUILT_PRODUCTS_DIR; };
/* End PBXFileReference section */

/* Begin PBXFrameworksBuildPhase section */
		8700C75018D390020015B0DE /* Frameworks */ = {
			isa = PBXFrameworksBuildPhase;
			buildActionMask = 2147483647;
			files = (
				8700C75918D390020015B0DE /* CoreGraphics.framework in Frameworks */,
				8700C75B18D390020015B0DE /* UIKit.framework in Frameworks */,
				8700C75718D390020015B0DE /* Foundation.framework in Frameworks */,
				B87F568143F046749F92D76E /* libPods.a in Frameworks */,
			);
			runOnlyForDeploymentPostprocessing = 0;
		};
		8700C76B18D390020015B0DE /* Frameworks */ = {
			isa = PBXFrameworksBuildPhase;
			buildActionMask = 2147483647;
			files = (
				8700C77018D390020015B0DE /* XCTest.framework in Frameworks */,
				8700C77218D390020015B0DE /* UIKit.framework in Frameworks */,
				8700C77118D390020015B0DE /* Foundation.framework in Frameworks */,
			);
			runOnlyForDeploymentPostprocessing = 0;
		};
/* End PBXFrameworksBuildPhase section */

/* Begin PBXGroup section */
		8700C74A18D390020015B0DE = {
			isa = PBXGroup;
			children = (
				8700C75C18D390020015B0DE /* MagicBoord */,
				8700C77518D390020015B0DE /* MagicBoordTests */,
				8700C75518D390020015B0DE /* Frameworks */,
				8700C75418D390020015B0DE /* Products */,
				4235C290072749D69C5795B1 /* Pods.xcconfig */,
			);
			sourceTree = "<group>";
		};
		8700C75418D390020015B0DE /* Products */ = {
			isa = PBXGroup;
			children = (
				8700C75318D390020015B0DE /* MagicBoord.app */,
				8700C76E18D390020015B0DE /* MagicBoordTests.xctest */,
			);
			name = Products;
			sourceTree = "<group>";
		};
		8700C75518D390020015B0DE /* Frameworks */ = {
			isa = PBXGroup;
			children = (
				8700C75618D390020015B0DE /* Foundation.framework */,
				8700C75818D390020015B0DE /* CoreGraphics.framework */,
				8700C75A18D390020015B0DE /* UIKit.framework */,
				8700C76F18D390020015B0DE /* XCTest.framework */,
				A7846964CD4E41E789ADA9C6 /* libPods.a */,
			);
			name = Frameworks;
			sourceTree = "<group>";
		};
		8700C75C18D390020015B0DE /* MagicBoord */ = {
			isa = PBXGroup;
			children = (
				8700C76518D390020015B0DE /* LCLAppDelegate.h */,
				8700C76618D390020015B0DE /* LCLAppDelegate.m */,
				8700C79C18D4C4F10015B0DE /* Models */,
				8700C78B18D3EE940015B0DE /* iphone.storyboard */,
				872F259018D553BF005B36EC /* Controllers */,
				8700C76818D390020015B0DE /* Images.xcassets */,
				8700C75D18D390020015B0DE /* Supporting Files */,
			);
			path = MagicBoord;
			sourceTree = "<group>";
		};
		8700C75D18D390020015B0DE /* Supporting Files */ = {
			isa = PBXGroup;
			children = (
				8788698618E88B8E00BC5C9E /* CheckerBoard.png */,
				8700C78F18D3F1D60015B0DE /* redbutton.png */,
				8700C75E18D390020015B0DE /* MagicBoord-Info.plist */,
				8700C75F18D390020015B0DE /* InfoPlist.strings */,
				8700C76218D390020015B0DE /* main.m */,
				8700C76418D390020015B0DE /* MagicBoord-Prefix.pch */,
			);
			name = "Supporting Files";
			sourceTree = "<group>";
		};
		8700C77518D390020015B0DE /* MagicBoordTests */ = {
			isa = PBXGroup;
			children = (
				8700C77B18D390020015B0DE /* MagicBoordTests.m */,
				8700C77618D390020015B0DE /* Supporting Files */,
			);
			path = MagicBoordTests;
			sourceTree = "<group>";
		};
		8700C77618D390020015B0DE /* Supporting Files */ = {
			isa = PBXGroup;
			children = (
				8700C77718D390020015B0DE /* MagicBoordTests-Info.plist */,
				8700C77818D390020015B0DE /* InfoPlist.strings */,
			);
			name = "Supporting Files";
			sourceTree = "<group>";
		};
		8700C79C18D4C4F10015B0DE /* Models */ = {
			isa = PBXGroup;
			children = (
				87AF7AF718DB7DA6001C6FCC /* MBProgressHUD+Helpers.h */,
				87AF7AF818DB7DA6001C6FCC /* MBProgressHUD+Helpers.m */,
				8700C79918D4C4E80015B0DE /* LCLUser.h */,
				8700C79A18D4C4E80015B0DE /* LCLUser.m */,
				8700C78818D3A0DE0015B0DE /* LCLTip.h */,
				8700C78918D3A0DE0015B0DE /* LCLTip.m */,
				876B521618DA8C5F0063C5E4 /* LCLRating.h */,
				876B521718DA8C5F0063C5E4 /* LCLRating.m */,
				87AF7AFA18DB8484001C6FCC /* LCLTipsDataStore.h */,
				87AF7AFB18DB8484001C6FCC /* LCLTipsDataStore.m */,
				87AF7B0E18E23C1A001C6FCC /* LCLTipTableViewCell.h */,
				87AF7B0F18E23C1A001C6FCC /* LCLTipTableViewCell.m */,
			);
			name = Models;
			sourceTree = "<group>";
		};
		872F259018D553BF005B36EC /* Controllers */ = {
			isa = PBXGroup;
			children = (
				876B51AD18D654DE0063C5E4 /* LCLMainViewController.h */,
				876B51AE18D654DE0063C5E4 /* LCLMainViewController.m */,
				872F258D18D553BA005B36EC /* LCLTipViewController.h */,
				872F258E18D553BA005B36EC /* LCLTipViewController.m */,
				876B51B318D658A80063C5E4 /* LCLTipHistoryViewController.h */,
				876B51B418D658A80063C5E4 /* LCLTipHistoryViewController.m */,
			);
			name = Controllers;
			sourceTree = "<group>";
		};
/* End PBXGroup section */

/* Begin PBXNativeTarget section */
		8700C75218D390020015B0DE /* MagicBoord */ = {
			isa = PBXNativeTarget;
			buildConfigurationList = 8700C77F18D390020015B0DE /* Build configuration list for PBXNativeTarget "MagicBoord" */;
			buildPhases = (
				041D8551B2BD4FCAAD5FE411 /* Check Pods Manifest.lock */,
				8700C74F18D390020015B0DE /* Sources */,
				8700C75018D390020015B0DE /* Frameworks */,
				8700C75118D390020015B0DE /* Resources */,
				89A8340F6FB944419ABE1B50 /* Copy Pods Resources */,
			);
			buildRules = (
			);
			dependencies = (
			);
			name = MagicBoord;
			productName = MagicBoord;
			productReference = 8700C75318D390020015B0DE /* MagicBoord.app */;
			productType = "com.apple.product-type.application";
		};
		8700C76D18D390020015B0DE /* MagicBoordTests */ = {
			isa = PBXNativeTarget;
			buildConfigurationList = 8700C78218D390020015B0DE /* Build configuration list for PBXNativeTarget "MagicBoordTests" */;
			buildPhases = (
				8700C76A18D390020015B0DE /* Sources */,
				8700C76B18D390020015B0DE /* Frameworks */,
				8700C76C18D390020015B0DE /* Resources */,
			);
			buildRules = (
			);
			dependencies = (
				8700C77418D390020015B0DE /* PBXTargetDependency */,
			);
			name = MagicBoordTests;
			productName = MagicBoordTests;
			productReference = 8700C76E18D390020015B0DE /* MagicBoordTests.xctest */;
			productType = "com.apple.product-type.bundle.unit-test";
		};
/* End PBXNativeTarget section */

/* Begin PBXProject section */
		8700C74B18D390020015B0DE /* Project object */ = {
			isa = PBXProject;
			attributes = {
				CLASSPREFIX = LCL;
				LastUpgradeCheck = 0510;
				ORGANIZATIONNAME = "Leonard Li";
				TargetAttributes = {
					8700C75218D390020015B0DE = {
						DevelopmentTeam = D3R2N4L8FQ;
						SystemCapabilities = {
							com.apple.BackgroundModes = {
								enabled = 1;
							};
						};
					};
					8700C76D18D390020015B0DE = {
						TestTargetID = 8700C75218D390020015B0DE;
					};
				};
			};
			buildConfigurationList = 8700C74E18D390020015B0DE /* Build configuration list for PBXProject "MagicBoord" */;
			compatibilityVersion = "Xcode 3.2";
			developmentRegion = English;
			hasScannedForEncodings = 0;
			knownRegions = (
				en,
			);
			mainGroup = 8700C74A18D390020015B0DE;
			productRefGroup = 8700C75418D390020015B0DE /* Products */;
			projectDirPath = "";
			projectRoot = "";
			targets = (
				8700C75218D390020015B0DE /* MagicBoord */,
				8700C76D18D390020015B0DE /* MagicBoordTests */,
			);
		};
/* End PBXProject section */

/* Begin PBXResourcesBuildPhase section */
		8700C75118D390020015B0DE /* Resources */ = {
			isa = PBXResourcesBuildPhase;
			buildActionMask = 2147483647;
			files = (
				8700C78C18D3EE940015B0DE /* iphone.storyboard in Resources */,
				8788698718E88B8E00BC5C9E /* CheckerBoard.png in Resources */,
				8700C76118D390020015B0DE /* InfoPlist.strings in Resources */,
				8700C76918D390020015B0DE /* Images.xcassets in Resources */,
				8700C79018D3F1D60015B0DE /* redbutton.png in Resources */,
			);
			runOnlyForDeploymentPostprocessing = 0;
		};
		8700C76C18D390020015B0DE /* Resources */ = {
			isa = PBXResourcesBuildPhase;
			buildActionMask = 2147483647;
			files = (
				8700C77A18D390020015B0DE /* InfoPlist.strings in Resources */,
			);
			runOnlyForDeploymentPostprocessing = 0;
		};
/* End PBXResourcesBuildPhase section */

/* Begin PBXShellScriptBuildPhase section */
		041D8551B2BD4FCAAD5FE411 /* Check Pods Manifest.lock */ = {
			isa = PBXShellScriptBuildPhase;
			buildActionMask = 2147483647;
			files = (
			);
			inputPaths = (
			);
			name = "Check Pods Manifest.lock";
			outputPaths = (
			);
			runOnlyForDeploymentPostprocessing = 0;
			shellPath = /bin/sh;
			shellScript = "diff \"${PODS_ROOT}/../Podfile.lock\" \"${PODS_ROOT}/Manifest.lock\" > /dev/null\nif [[ $? != 0 ]] ; then\n    cat << EOM\nerror: The sandbox is not in sync with the Podfile.lock. Run 'pod install' or update your CocoaPods installation.\nEOM\n    exit 1\nfi\n";
			showEnvVarsInLog = 0;
		};
		89A8340F6FB944419ABE1B50 /* Copy Pods Resources */ = {
			isa = PBXShellScriptBuildPhase;
			buildActionMask = 2147483647;
			files = (
			);
			inputPaths = (
			);
			name = "Copy Pods Resources";
			outputPaths = (
			);
			runOnlyForDeploymentPostprocessing = 0;
			shellPath = /bin/sh;
			shellScript = "\"${SRCROOT}/Pods/Pods-resources.sh\"\n";
			showEnvVarsInLog = 0;
		};
/* End PBXShellScriptBuildPhase section */

/* Begin PBXSourcesBuildPhase section */
		8700C74F18D390020015B0DE /* Sources */ = {
			isa = PBXSourcesBuildPhase;
			buildActionMask = 2147483647;
			files = (
				876B51B518D658A80063C5E4 /* LCLTipHistoryViewController.m in Sources */,
				8700C76718D390020015B0DE /* LCLAppDelegate.m in Sources */,
				8700C78A18D3A0DE0015B0DE /* LCLTip.m in Sources */,
				8700C79B18D4C4E80015B0DE /* LCLUser.m in Sources */,
				87AF7B1018E23C1A001C6FCC /* LCLTipTableViewCell.m in Sources */,
				876B51AF18D654DE0063C5E4 /* LCLMainViewController.m in Sources */,
				876B521818DA8C5F0063C5E4 /* LCLRating.m in Sources */,
				87AF7AF918DB7DA6001C6FCC /* MBProgressHUD+Helpers.m in Sources */,
				87AF7AFC18DB8484001C6FCC /* LCLTipsDataStore.m in Sources */,
				872F258F18D553BA005B36EC /* LCLTipViewController.m in Sources */,
				8700C76318D390020015B0DE /* main.m in Sources */,
			);
			runOnlyForDeploymentPostprocessing = 0;
		};
		8700C76A18D390020015B0DE /* Sources */ = {
			isa = PBXSourcesBuildPhase;
			buildActionMask = 2147483647;
			files = (
				8700C77C18D390020015B0DE /* MagicBoordTests.m in Sources */,
			);
			runOnlyForDeploymentPostprocessing = 0;
		};
/* End PBXSourcesBuildPhase section */

/* Begin PBXTargetDependency section */
		8700C77418D390020015B0DE /* PBXTargetDependency */ = {
			isa = PBXTargetDependency;
			target = 8700C75218D390020015B0DE /* MagicBoord */;
			targetProxy = 8700C77318D390020015B0DE /* PBXContainerItemProxy */;
		};
/* End PBXTargetDependency section */

/* Begin PBXVariantGroup section */
		8700C75F18D390020015B0DE /* InfoPlist.strings */ = {
			isa = PBXVariantGroup;
			children = (
				8700C76018D390020015B0DE /* en */,
			);
			name = InfoPlist.strings;
			sourceTree = "<group>";
		};
		8700C77818D390020015B0DE /* InfoPlist.strings */ = {
			isa = PBXVariantGroup;
			children = (
				8700C77918D390020015B0DE /* en */,
			);
			name = InfoPlist.strings;
			sourceTree = "<group>";
		};
/* End PBXVariantGroup section */

/* Begin XCBuildConfiguration section */
		8700C77D18D390020015B0DE /* Debug */ = {
			isa = XCBuildConfiguration;
			buildSettings = {
				ALWAYS_SEARCH_USER_PATHS = NO;
				CLANG_CXX_LANGUAGE_STANDARD = "gnu++0x";
				CLANG_CXX_LIBRARY = "libc++";
				CLANG_ENABLE_MODULES = YES;
				CLANG_ENABLE_OBJC_ARC = YES;
				CLANG_WARN_BOOL_CONVERSION = YES;
				CLANG_WARN_CONSTANT_CONVERSION = YES;
				CLANG_WARN_DIRECT_OBJC_ISA_USAGE = YES_ERROR;
				CLANG_WARN_EMPTY_BODY = YES;
				CLANG_WARN_ENUM_CONVERSION = YES;
				CLANG_WARN_INT_CONVERSION = YES;
				CLANG_WARN_OBJC_ROOT_CLASS = YES_ERROR;
				CLANG_WARN__DUPLICATE_METHOD_MATCH = YES;
				"CODE_SIGN_IDENTITY[sdk=iphoneos*]" = "iPhone Developer";
				COPY_PHASE_STRIP = NO;
				GCC_C_LANGUAGE_STANDARD = gnu99;
				GCC_DYNAMIC_NO_PIC = NO;
				GCC_OPTIMIZATION_LEVEL = 0;
				GCC_PREPROCESSOR_DEFINITIONS = (
					"DEBUG=1",
					"$(inherited)",
				);
				GCC_SYMBOLS_PRIVATE_EXTERN = NO;
				GCC_WARN_64_TO_32_BIT_CONVERSION = YES;
				GCC_WARN_ABOUT_RETURN_TYPE = YES_ERROR;
				GCC_WARN_UNDECLARED_SELECTOR = YES;
				GCC_WARN_UNINITIALIZED_AUTOS = YES_AGGRESSIVE;
				GCC_WARN_UNUSED_FUNCTION = YES;
				GCC_WARN_UNUSED_VARIABLE = YES;
				IPHONEOS_DEPLOYMENT_TARGET = 7.1;
				ONLY_ACTIVE_ARCH = YES;
				SDKROOT = iphoneos;
			};
			name = Debug;
		};
		8700C77E18D390020015B0DE /* Release */ = {
			isa = XCBuildConfiguration;
			buildSettings = {
				ALWAYS_SEARCH_USER_PATHS = NO;
				CLANG_CXX_LANGUAGE_STANDARD = "gnu++0x";
				CLANG_CXX_LIBRARY = "libc++";
				CLANG_ENABLE_MODULES = YES;
				CLANG_ENABLE_OBJC_ARC = YES;
				CLANG_WARN_BOOL_CONVERSION = YES;
				CLANG_WARN_CONSTANT_CONVERSION = YES;
				CLANG_WARN_DIRECT_OBJC_ISA_USAGE = YES_ERROR;
				CLANG_WARN_EMPTY_BODY = YES;
				CLANG_WARN_ENUM_CONVERSION = YES;
				CLANG_WARN_INT_CONVERSION = YES;
				CLANG_WARN_OBJC_ROOT_CLASS = YES_ERROR;
				CLANG_WARN__DUPLICATE_METHOD_MATCH = YES;
				"CODE_SIGN_IDENTITY[sdk=iphoneos*]" = "iPhone Developer";
				COPY_PHASE_STRIP = YES;
				ENABLE_NS_ASSERTIONS = NO;
				GCC_C_LANGUAGE_STANDARD = gnu99;
				GCC_WARN_64_TO_32_BIT_CONVERSION = YES;
				GCC_WARN_ABOUT_RETURN_TYPE = YES_ERROR;
				GCC_WARN_UNDECLARED_SELECTOR = YES;
				GCC_WARN_UNINITIALIZED_AUTOS = YES_AGGRESSIVE;
				GCC_WARN_UNUSED_FUNCTION = YES;
				GCC_WARN_UNUSED_VARIABLE = YES;
				IPHONEOS_DEPLOYMENT_TARGET = 7.1;
				SDKROOT = iphoneos;
				VALIDATE_PRODUCT = YES;
			};
			name = Release;
		};
		8700C78018D390020015B0DE /* Debug */ = {
			isa = XCBuildConfiguration;
			baseConfigurationReference = 4235C290072749D69C5795B1 /* Pods.xcconfig */;
			buildSettings = {
				ASSETCATALOG_COMPILER_APPICON_NAME = AppIcon;
				ASSETCATALOG_COMPILER_LAUNCHIMAGE_NAME = LaunchImage;
				CODE_SIGN_IDENTITY = "iPhone Developer: Leonard Li (HCN3MGAT6U)";
				GCC_PRECOMPILE_PREFIX_HEADER = YES;
				GCC_PREFIX_HEADER = "MagicBoord/MagicBoord-Prefix.pch";
				INFOPLIST_FILE = "MagicBoord/MagicBoord-Info.plist";
				PRODUCT_NAME = "$(TARGET_NAME)";
				WRAPPER_EXTENSION = app;
			};
			name = Debug;
		};
		8700C78118D390020015B0DE /* Release */ = {
			isa = XCBuildConfiguration;
			baseConfigurationReference = 4235C290072749D69C5795B1 /* Pods.xcconfig */;
			buildSettings = {
				ASSETCATALOG_COMPILER_APPICON_NAME = AppIcon;
				ASSETCATALOG_COMPILER_LAUNCHIMAGE_NAME = LaunchImage;
				CODE_SIGN_IDENTITY = "iPhone Developer: Leonard Li (HCN3MGAT6U)";
				GCC_PRECOMPILE_PREFIX_HEADER = YES;
				GCC_PREFIX_HEADER = "MagicBoord/MagicBoord-Prefix.pch";
				INFOPLIST_FILE = "MagicBoord/MagicBoord-Info.plist";
				PRODUCT_NAME = "$(TARGET_NAME)";
				WRAPPER_EXTENSION = app;
			};
			name = Release;
		};
		8700C78318D390020015B0DE /* Debug */ = {
			isa = XCBuildConfiguration;
			buildSettings = {
				BUNDLE_LOADER = "$(BUILT_PRODUCTS_DIR)/MagicBoord.app/MagicBoord";
				FRAMEWORK_SEARCH_PATHS = (
					"$(SDKROOT)/Developer/Library/Frameworks",
					"$(inherited)",
					"$(DEVELOPER_FRAMEWORKS_DIR)",
				);
				GCC_PRECOMPILE_PREFIX_HEADER = YES;
				GCC_PREFIX_HEADER = "MagicBoord/MagicBoord-Prefix.pch";
				GCC_PREPROCESSOR_DEFINITIONS = (
					"DEBUG=1",
					"$(inherited)",
				);
				INFOPLIST_FILE = "MagicBoordTests/MagicBoordTests-Info.plist";
				PRODUCT_NAME = "$(TARGET_NAME)";
				TEST_HOST = "$(BUNDLE_LOADER)";
				WRAPPER_EXTENSION = xctest;
			};
			name = Debug;
		};
		8700C78418D390020015B0DE /* Release */ = {
			isa = XCBuildConfiguration;
			buildSettings = {
				BUNDLE_LOADER = "$(BUILT_PRODUCTS_DIR)/MagicBoord.app/MagicBoord";
				FRAMEWORK_SEARCH_PATHS = (
					"$(SDKROOT)/Developer/Library/Frameworks",
					"$(inherited)",
					"$(DEVELOPER_FRAMEWORKS_DIR)",
				);
				GCC_PRECOMPILE_PREFIX_HEADER = YES;
				GCC_PREFIX_HEADER = "MagicBoord/MagicBoord-Prefix.pch";
				INFOPLIST_FILE = "MagicBoordTests/MagicBoordTests-Info.plist";
				PRODUCT_NAME = "$(TARGET_NAME)";
				TEST_HOST = "$(BUNDLE_LOADER)";
				WRAPPER_EXTENSION = xctest;
			};
			name = Release;
		};
/* End XCBuildConfiguration section */

/* Begin XCConfigurationList section */
		8700C74E18D390020015B0DE /* Build configuration list for PBXProject "MagicBoord" */ = {
			isa = XCConfigurationList;
			buildConfigurations = (
				8700C77D18D390020015B0DE /* Debug */,
				8700C77E18D390020015B0DE /* Release */,
			);
			defaultConfigurationIsVisible = 0;
			defaultConfigurationName = Release;
		};
		8700C77F18D390020015B0DE /* Build configuration list for PBXNativeTarget "MagicBoord" */ = {
			isa = XCConfigurationList;
			buildConfigurations = (
				8700C78018D390020015B0DE /* Debug */,
				8700C78118D390020015B0DE /* Release */,
			);
			defaultConfigurationIsVisible = 0;
			defaultConfigurationName = Release;
		};
		8700C78218D390020015B0DE /* Build configuration list for PBXNativeTarget "MagicBoordTests" */ = {
			isa = XCConfigurationList;
			buildConfigurations = (
				8700C78318D390020015B0DE /* Debug */,
				8700C78418D390020015B0DE /* Release */,
			);
			defaultConfigurationIsVisible = 0;
			defaultConfigurationName = Release;
		};
/* End XCConfigurationList section */
	};
	rootObject = 8700C74B18D390020015B0DE /* Project object */;
}
